
Microsoft Visual Studio Solution File, Format Version 12.00
# Visual Studio Version 16
VisualStudioVersion = 16.0.29215.179
MinimumVisualStudioVersion = 10.0.40219.1
Project("{FAE04EC0-301F-11D3-BF4B-00C04F79EFBC}") = "ekvgill1730ex1b", "ekvgill1730ex1b\ekvgill1730ex1b.csproj", "{F0377254-4B4B-463C-8E12-6085AE9A49F5}"
EndProject
Project("{FAE04EC0-301F-11D3-BF4B-00C04F79EFBC}") = "ekvgill1c1", "ekvgill1c1\ekvgill1c1.csproj", "{383C18D8-EC5A-4003-9293-C123A8B01278}"
EndProject
Project("{FAE04EC0-301F-11D3-BF4B-00C04F79EFBC}") = "ekvgill1d1", "ekvgill1d1\ekvgill1d1.csproj", "{A9F04CA3-93F4-481E-A77E-19ED01D35767}"
EndProject
Project("{FAE04EC0-301F-11D3-BF4B-00C04F79EFBC}") = "ekvgill1e1", "ekvgill1e1\ekvgill1e1.csproj", "{BE9989CF-8F64-4F86-9A5B-CD332C4ADD04}"
EndProject
Project("{FAE04EC0-301F-11D3-BF4B-00C04F79EFBC}") = "ekvgill1f1", "ekvgill1f1\ekvgill1f1.csproj", "{AEA1F365-7743-4F85-A53B-0EA1292326EE}"
EndProject
Project("{FAE04EC0-301F-11D3-BF4B-00C04F79EFBC}") = "ekvgill1g1", "ekvgill1g1\ekvgill1g1.csproj", "{340B1985-0274-4EEB-8614-32C3199ADC6D}"
EndProject
Project("{FAE04EC0-301F-11D3-BF4B-00C04F79EFBC}") = "variableSamp", "variableSamp\variableSamp.csproj", "{F584DCDB-A3F1-4ADC-B014-AB72FF7D48CD}"
EndProject
Project("{FAE04EC0-301F-11D3-BF4B-00C04F79EFBC}") = "ekvgill2a1", "ekvgill2a1\ekvgill2a1.csproj", "{5940A867-B006-4ED9-A737-81BA38914E62}"
EndProject
Project("{FAE04EC0-301F-11D3-BF4B-00C04F79EFBC}") = "ekvgill2c1", "ekvgill2c1\ekvgill2c1.csproj", "{C3AD205D-08C3-44CA-B3A9-A8C8C7AF21ED}"
EndProject
Project("{FAE04EC0-301F-11D3-BF4B-00C04F79EFBC}") = "ekvgill2b1", "ekvgill2b1\ekvgill2b1.csproj", "{08E4CE90-2831-4DD9-B6DE-598F2852210B}"
EndProject
Global
	GlobalSection(SolutionConfigurationPlatforms) = preSolution
		Debug|Any CPU = Debug|Any CPU
		Release|Any CPU = Release|Any CPU
	EndGlobalSection
	GlobalSection(ProjectConfigurationPlatforms) = postSolution
		{F0377254-4B4B-463C-8E12-6085AE9A49F5}.Debug|Any CPU.ActiveCfg = Debug|Any CPU
		{F0377254-4B4B-463C-8E12-6085AE9A49F5}.Debug|Any CPU.Build.0 = Debug|Any CPU
		{F0377254-4B4B-463C-8E12-6085AE9A49F5}.Release|Any CPU.ActiveCfg = Release|Any CPU
		{F0377254-4B4B-463C-8E12-6085AE9A49F5}.Release|Any CPU.Build.0 = Release|Any CPU
		{383C18D8-EC5A-4003-9293-C123A8B01278}.Debug|Any CPU.ActiveCfg = Debug|Any CPU
		{383C18D8-EC5A-4003-9293-C123A8B01278}.Debug|Any CPU.Build.0 = Debug|Any CPU
		{383C18D8-EC5A-4003-9293-C123A8B01278}.Release|Any CPU.ActiveCfg = Release|Any CPU
		{383C18D8-EC5A-4003-9293-C123A8B01278}.Release|Any CPU.Build.0 = Release|Any CPU
		{A9F04CA3-93F4-481E-A77E-19ED01D35767}.Debug|Any CPU.ActiveCfg = Debug|Any CPU
		{A9F04CA3-93F4-481E-A77E-19ED01D35767}.Debug|Any CPU.Build.0 = Debug|Any CPU
		{A9F04CA3-93F4-481E-A77E-19ED01D35767}.Release|Any CPU.ActiveCfg = Release|Any CPU
		{A9F04CA3-93F4-481E-A77E-19ED01D35767}.Release|Any CPU.Build.0 = Release|Any CPU
		{BE9989CF-8F64-4F86-9A5B-CD332C4ADD04}.Debug|Any CPU.ActiveCfg = Debug|Any CPU
		{BE9989CF-8F64-4F86-9A5B-CD332C4ADD04}.Debug|Any CPU.Build.0 = Debug|Any CPU
		{BE9989CF-8F64-4F86-9A5B-CD332C4ADD04}.Release|Any CPU.ActiveCfg = Release|Any CPU
		{BE9989CF-8F64-4F86-9A5B-CD332C4ADD04}.Release|Any CPU.Build.0 = Release|Any CPU
		{AEA1F365-7743-4F85-A53B-0EA1292326EE}.Debug|Any CPU.ActiveCfg = Debug|Any CPU
		{AEA1F365-7743-4F85-A53B-0EA1292326EE}.Debug|Any CPU.Build.0 = Debug|Any CPU
		{AEA1F365-7743-4F85-A53B-0EA1292326EE}.Release|Any CPU.ActiveCfg = Release|Any CPU
		{AEA1F365-7743-4F85-A53B-0EA1292326EE}.Release|Any CPU.Build.0 = Release|Any CPU
		{340B1985-0274-4EEB-8614-32C3199ADC6D}.Debug|Any CPU.ActiveCfg = Debug|Any CPU
		{340B1985-0274-4EEB-8614-32C3199ADC6D}.Debug|Any CPU.Build.0 = Debug|Any CPU
		{340B1985-0274-4EEB-8614-32C3199ADC6D}.Release|Any CPU.ActiveCfg = Release|Any CPU
		{340B1985-0274-4EEB-8614-32C3199ADC6D}.Release|Any CPU.Build.0 = Release|Any CPU
		{F584DCDB-A3F1-4ADC-B014-AB72FF7D48CD}.Debug|Any CPU.ActiveCfg = Debug|Any CPU
		{F584DCDB-A3F1-4ADC-B014-AB72FF7D48CD}.Debug|Any CPU.Build.0 = Debug|Any CPU
		{F584DCDB-A3F1-4ADC-B014-AB72FF7D48CD}.Release|Any CPU.ActiveCfg = Release|Any CPU
		{F584DCDB-A3F1-4ADC-B014-AB72FF7D48CD}.Release|Any CPU.Build.0 = Release|Any CPU
		{5940A867-B006-4ED9-A737-81BA38914E62}.Debug|Any CPU.ActiveCfg = Debug|Any CPU
		{5940A867-B006-4ED9-A737-81BA38914E62}.Debug|Any CPU.Build.0 = Debug|Any CPU
		{5940A867-B006-4ED9-A737-81BA38914E62}.Release|Any CPU.ActiveCfg = Release|Any CPU
		{5940A867-B006-4ED9-A737-81BA38914E62}.Release|Any CPU.Build.0 = Release|Any CPU
		{C3AD205D-08C3-44CA-B3A9-A8C8C7AF21ED}.Debug|Any CPU.ActiveCfg = Debug|Any CPU
		{C3AD205D-08C3-44CA-B3A9-A8C8C7AF21ED}.Debug|Any CPU.Build.0 = Debug|Any CPU
		{C3AD205D-08C3-44CA-B3A9-A8C8C7AF21ED}.Release|Any CPU.ActiveCfg = Release|Any CPU
		{C3AD205D-08C3-44CA-B3A9-A8C8C7AF21ED}.Release|Any CPU.Build.0 = Release|Any CPU
		{08E4CE90-2831-4DD9-B6DE-598F2852210B}.Debug|Any CPU.ActiveCfg = Debug|Any CPU
		{08E4CE90-2831-4DD9-B6DE-598F2852210B}.Debug|Any CPU.Build.0 = Debug|Any CPU
		{08E4CE90-2831-4DD9-B6DE-598F2852210B}.Release|Any CPU.ActiveCfg = Release|Any CPU
		{08E4CE90-2831-4DD9-B6DE-598F2852210B}.Release|Any CPU.Build.0 = Release|Any CPU
	EndGlobalSection
	GlobalSection(SolutionProperties) = preSolution
		HideSolutionNode = FALSE
	EndGlobalSection
	GlobalSection(ExtensibilityGlobals) = postSolution
		SolutionGuid = {FDB9AA36-A8E2-4340-AC79-C416D1AE8A5F}
	EndGlobalSection
EndGlobal
